{
  "lockfileVersion": 1,
  "configVersion": 1,
  "workspaces": {
    "": {
      "name": "agents",
      "dependencies": {
        "agl-ai": "^0.1.4",
        "bun-coffeescript": "^1.0.3",
      },
    },
  },
  "packages": {
    "agl-ai": ["agl-ai@0.1.4", "", {}, "sha512-08/33NkAG1A/yMxtKJjeDCi9hVxXHW7nCq1FE6aVmSirOgi+W0uwyKHmYWsxX6/DJ+C6wk3aAS28662xO2ndQw=="],

    "bun-coffeescript": ["bun-coffeescript@1.0.3", "", { "dependencies": { "coffeescript": "^2.7.0" } }, "sha512-UEnyRtQXvlQOLmmr0gVewl+mo1WnjMPZqo4hdZQc5+pADzCaDEanBi4m4PYW7tDZRJOzf9jnIBWXsR+lfoVTVw=="],

    "coffeescript": ["coffeescript@2.7.0", "", { "bin": { "coffee": "bin/coffee", "cake": "bin/cake" } }, "sha512-hzWp6TUE2d/jCcN67LrW1eh5b/rSDKQK6oD6VMLlggYVUUFexgTH9z3dNYihzX4RMhze5FTUsUmOXViJKFQR/A=="],
  }
}
